
Microsoft Visual Studio Solution File, Format Version 12.00
# Visual Studio Version 16
VisualStudioVersion = 16.0.30011.22
MinimumVisualStudioVersion = 10.0.40219.1
Project("{FAE04EC0-301F-11D3-BF4B-00C04F79EFBC}") = "Schema", "Schema.csproj", "{7C8A3890-B459-42DE-81C8-FF7E4B03D0CC}"
EndProject
Global
	GlobalSection(SolutionConfigurationPlatforms) = preSolution
		Debug|Any CPU = Debug|Any CPU
		Release|Any CPU = Release|Any CPU
	EndGlobalSection
	GlobalSection(ProjectConfigurationPlatforms) = postSolution
		{7C8A3890-B459-42DE-81C8-FF7E4B03D0CC}.Debug|Any CPU.ActiveCfg = Debug|Any CPU
		{7C8A3890-B459-42DE-81C8-FF7E4B03D0CC}.Debug|Any CPU.Build.0 = Debug|Any CPU
		{7C8A3890-B459-42DE-81C8-FF7E4B03D0CC}.Release|Any CPU.ActiveCfg = Release|Any CPU
		{7C8A3890-B459-42DE-81C8-FF7E4B03D0CC}.Release|Any CPU.Build.0 = Release|Any CPU
	EndGlobalSection
	GlobalSection(SolutionProperties) = preSolution
		HideSolutionNode = FALSE
	EndGlobalSection
	GlobalSection(ExtensibilityGlobals) = postSolution
		SolutionGuid = {E2132D41-C980-4F79-98E7-477B19C3AA34}
	EndGlobalSection
EndGlobal
